github.com/julienschmidt/httprouter v1.3.0 h1:U0609e9tgbseu3rBINet9P48AI/D3oJs4dN7jwJOQ1U=
github.com/julienschmidt/httprouter v1.3.0/go.mod h1:JR6WtHb+2LUe8TCKY3cZOxFyyO8IZAc4RVcycCCAKdM=
github.com/tshaddix/parcel v0.0.0-20140916031612-e045f829b129 h1:FF7FMsOYx9FPOUCp5NXAF5LO/rAWz3li0aw6rQS6/As=
github.com/tshaddix/parcel v0.0.0-20140916031612-e045f829b129/go.mod h1:/CgntMYrv/VcFFi+r96QljFyz55yiSsTQpcKppOLoPY=
